
Microsoft Visual Studio Solution File, Format Version 12.00
# Visual Studio Version 17
VisualStudioVersion = 17.14.36327.8 d17.14
MinimumVisualStudioVersion = 10.0.40219.1
Project("{FAE04EC0-301F-11D3-BF4B-00C04F79EFBC}") = "GJ_MagoRicardo", "GJ_MagoRicardo\GJ_MagoRicardo.csproj", "{12CE5569-73D9-4DB0-A943-1920C2DE00BB}"
EndProject
Global
	GlobalSection(SolutionConfigurationPlatforms) = preSolution
		Debug|Any CPU = Debug|Any CPU
		Release|Any CPU = Release|Any CPU
	EndGlobalSection
	GlobalSection(ProjectConfigurationPlatforms) = postSolution
		{12CE5569-73D9-4DB0-A943-1920C2DE00BB}.Debug|Any CPU.ActiveCfg = Debug|Any CPU
		{12CE5569-73D9-4DB0-A943-1920C2DE00BB}.Debug|Any CPU.Build.0 = Debug|Any CPU
		{12CE5569-73D9-4DB0-A943-1920C2DE00BB}.Release|Any CPU.ActiveCfg = Release|Any CPU
		{12CE5569-73D9-4DB0-A943-1920C2DE00BB}.Release|Any CPU.Build.0 = Release|Any CPU
	EndGlobalSection
	GlobalSection(SolutionProperties) = preSolution
		HideSolutionNode = FALSE
	EndGlobalSection
	GlobalSection(ExtensibilityGlobals) = postSolution
		SolutionGuid = {0FEF5448-AAB5-46D6-AC43-BB3F19FF4ADF}
	EndGlobalSection
EndGlobal
